k8s.io/apimachinery v0.26.2 h1:da1u3D5wfR5u2RpLhE/ZtZS2P7QvDgLZTi9wrNZl/tQ=
k8s.io/apimachinery v0.26.2/go.mod h1:ats7nN1LExKHvJ9TmwootT00Yz05MuYqPXEXaVeOy5I=
k8s.io/client-go v0.26.2 h1:s1WkVujHX3kTp4Zn4yGNFK+dlDXy1bAAkIl+cFAiuYI=
k8s.io/client-go v0.26.2/go.mod h1:u5EjOuSyBa09yqqyY7m3abZeovO/7D/WehVVlZ2qcqU=
